{
	"name": "@primecms/field",
	"version": "0.0.17",
	"lockfileVersion": 1,
	"requires": true,
	"dependencies": {
		"graphql": {
			"version": "14.0.2",
			"resolved": "https://registry.npmjs.org/graphql/-/graphql-14.0.2.tgz",
			"integrity": "sha512-gUC4YYsaiSJT1h40krG3J+USGlwhzNTXSb4IOZljn9ag5Tj+RkoXrWp+Kh7WyE3t1NCfab5kzCuxBIvOMERMXw==",
			"dev": true,
			"requires": {
				"iterall": "^1.2.2"
			}
		},
		"iterall": {
			"version": "1.2.2",
			"resolved": "https://registry.npmjs.org/iterall/-/iterall-1.2.2.tgz",
			"integrity": "sha512-yynBb1g+RFUPY64fTrFv7nsjRrENBQJaX2UL+2Szc9REFrSNm1rpSXHGzhmAy7a9uv3vlvgBlXnf9RqmPH1/DA==",
			"dev": true
		}
	}
}
