{
  "name": "@primecms/field-slice",
  "version": "0.0.9",
  "lockfileVersion": 1,
  "requires": true,
  "dependencies": {
    "@types/graphql": {
      "version": "14.0.3",
      "resolved": "https://registry.npmjs.org/@types/graphql/-/graphql-14.0.3.tgz",
      "integrity": "sha512-TcFkpEjcQK7w8OcrQcd7iIBPjU0rdyi3ldj6d0iJ4PPSzbWqPBvXj9KSwO14hTOX2dm9RoiH7VuxksJLNYdXUQ==",
      "dev": true
    },
    "graphql-union-input-type": {
      "version": "0.4.0",
      "resolved": "https://registry.npmjs.org/graphql-union-input-type/-/graphql-union-input-type-0.4.0.tgz",
      "integrity": "sha512-bKKTP00Aa6q+e/pHF20GA7kcG6wrBXNfrfPRPmkEjhjXC/TqWpi1Plas3XGzP3GwPge3hi/LrzUgMTwpOrBI+Q=="
    }
  }
}
