{
  "name": "@prime/field-document",
  "version": "0.0.0",
  "lockfileVersion": 1,
  "requires": true,
  "dependencies": {
    "@types/graphql": {
      "version": "14.0.3",
      "resolved": "https://registry.npmjs.org/@types/graphql/-/graphql-14.0.3.tgz",
      "integrity": "sha512-TcFkpEjcQK7w8OcrQcd7iIBPjU0rdyi3ldj6d0iJ4PPSzbWqPBvXj9KSwO14hTOX2dm9RoiH7VuxksJLNYdXUQ==",
      "dev": true
    },
    "graphql": {
      "version": "14.0.2",
      "resolved": "https://registry.npmjs.org/graphql/-/graphql-14.0.2.tgz",
      "integrity": "sha512-gUC4YYsaiSJT1h40krG3J+USGlwhzNTXSb4IOZljn9ag5Tj+RkoXrWp+Kh7WyE3t1NCfab5kzCuxBIvOMERMXw==",
      "requires": {
        "iterall": "^1.2.2"
      }
    },
    "iterall": {
      "version": "1.2.2",
      "resolved": "https://registry.npmjs.org/iterall/-/iterall-1.2.2.tgz",
      "integrity": "sha512-yynBb1g+RFUPY64fTrFv7nsjRrENBQJaX2UL+2Szc9REFrSNm1rpSXHGzhmAy7a9uv3vlvgBlXnf9RqmPH1/DA=="
    }
  }
}
