{
  "name": "@primecms/field-string",
  "version": "0.0.0",
  "lockfileVersion": 1,
  "requires": true,
  "dependencies": {
    "@types/graphql": {
      "version": "14.0.3",
      "resolved": "https://registry.npmjs.org/@types/graphql/-/graphql-14.0.3.tgz",
      "integrity": "sha512-TcFkpEjcQK7w8OcrQcd7iIBPjU0rdyi3ldj6d0iJ4PPSzbWqPBvXj9KSwO14hTOX2dm9RoiH7VuxksJLNYdXUQ==",
      "dev": true
    }
  }
}
